hash: 2a937eca83e682c8dbb47a00c5c5781caed9f9bc366bea57dd432cd662fadd78
updated: 2016-08-26T15:43:46.715540044+02:00
imports:
- name: bitbucket.org/pkg/inflect
  version: 8961c3750a47b8c0b3e118d52513b97adf85a7e8
- name: github.com/andygrunwald/go-jira
  version: 479f9df7afceef0cbd53c969f5ddfaf2073240e8
- name: github.com/armon/go-metrics
  version: fbf75676ee9c0a3a23eb0a4d9220a3612cfbd1ed
- name: github.com/asaskevich/govalidator
  version: 593d64559f7600f29581a3ee42177f5dbded27a9
- name: github.com/axw/gocov
  version: 54b98cfcac0c63fb3f9bd8e7ad241b724d4e985b
  subpackages:
  - gocov
- name: github.com/dgrijalva/jwt-go
  version: d2709f9f1f31ebcda9651b03077758c1f3a0018c
- name: github.com/dimfeld/httppath
  version: c8e499c3ef3c3e272ed8bdcc1ccf39f73c88debc
- name: github.com/dimfeld/httptreemux
  version: 612c3d8e47f5a166d9346b694cf2aeb68eff5369
- name: github.com/elazarl/go-bindata-assetfs
  version: 57eb5e1fc594ad4b0b1dbea7b286d299e0cb43c2
  subpackages:
  - go-bindata-assetfs
- name: github.com/goadesign/goa
  version: 90e6c399f49c4125bbadf91eaa60156b9aa2a65e
  vcs: git
  subpackages:
  - client
  - cors
  - design
  - design/apidsl
  - goagen
  - goagen/codegen
  - goagen/gen_app
  - goagen/utils
  - goatest
  - middleware
  - middleware/security/jwt
  - uuid
  - dslengine
- name: github.com/goadesign/gorma
  version: f7116846126a4cb17a0cddd6b3b429ad1592f260
- name: github.com/google/go-github
  version: a59a35745f99ad92d70d69a9f180767063aa4bf3
  subpackages:
  - github
- name: github.com/google/go-querystring
  version: 9235644dd9e52eeae6fa48efd539fdc351a0af53
  subpackages:
  - query
- name: github.com/howeyc/fsnotify
  version: f0c08ee9c60704c1879025f2ae0ff3e000082c13
- name: github.com/inconshreveable/mousetrap
  version: 76626ae9c91c4f2a10f34cad8ce83ea42c93bb75
- name: github.com/jinzhu/gorm
  version: 5174cc5c242a728b435ea2be8a2f7f998e15429b
- name: github.com/jinzhu/inflection
  version: 8f4d3a0d04ce0b7c0cf3126fb98524246d00d102
- name: github.com/jteeuwen/go-bindata
  version: bbd0c6e271208dce66d8fda4bc536453cd27fc4a
  subpackages:
  - '...'
- name: github.com/kr/pretty
  version: 7497514e37543f8a9dfdb86a97c2e8d175a0f8a0
- name: github.com/kr/text
  version: 7cafcd837844e784b526369c9bce262804aebc60
- name: github.com/lib/pq
  version: 4dd446efc17690bc53e154025146f73203b18309
  subpackages:
  - oid
- name: github.com/lsegal/gucumber
  version: 090009ec4b32fd019e2d5e1a6a92f66268441cee
- name: github.com/manveru/faker
  version: 717f7cf83fb78669bfab612749c2e8ff63d5be11
- name: github.com/mattn/go-colorable
  version: 9056b7a9f2d1f2d96498d6d146acd1f9d5ed3d59
- name: github.com/mattn/go-isatty
  version: 3a115632dcd687f9c8cd01679c83a06a0e21c1f3
- name: github.com/pilu/config
  version: 3eb99e6c0b9a2dae0f56f05552c06ca5a643919b
- name: github.com/pilu/fresh
  version: 7261a962d4340e348cda4f98bd43a327be23c93e
- name: github.com/robfig/cron
  version: b024fc5ea0e34bc3f83d9941c8d60b0622bfaca4
- name: github.com/satori/go.uuid
  version: 879c5887cd475cd7864858769793b2ceb0d44feb
- name: github.com/spf13/cobra
  version: 6a8bd97bdb1fc0d08a83459940498ea49d3e8c93
- name: github.com/spf13/pflag
  version: 367864438f1b1a3c7db4da06a2f55b144e6784e0
- name: github.com/stretchr/testify
  version: f390dcf405f7b83c997eac1b06768bb9f44dec18
  subpackages:
  - assert
  - suite
- name: github.com/wadey/gocovmerge
  version: b5bfa59ec0adc420475f97f89b58045c721d761c
- name: github.com/zach-klippenstein/goregen
  version: 795b5e3961ea1912fde60af417ad85e86acc0d6a
- name: golang.org/x/net
  version: f841c39de738b1d0df95b5a7187744f0e03d8112
  subpackages:
  - context
  - websocket
- name: golang.org/x/tools
  version: 527b253f588776e5f72a0a0d1e93195cd3f82707
  subpackages:
  - go/ast/astutil
- name: gopkg.in/asaskevich/govalidator.v4
  version: 7664702784775e51966f0885f5cd27435916517b
- name: gopkg.in/yaml.v2
  version: a83829b6f1293c91addabc89d0571c246397bbf4
testImports:
- name: github.com/davecgh/go-spew
  version: 2df174808ee097f90d259e432cc04442cf60be21
  subpackages:
  - spew
- name: github.com/pmezard/go-difflib
  version: d8ed2627bdf02c080bf22230dbb337003b7aba2d
  subpackages:
  - difflib
